
Microsoft Visual Studio Solution File, Format Version 12.00
# Visual Studio Version 16
VisualStudioVersion = 16.0.32002.261
MinimumVisualStudioVersion = 10.0.40219.1
Project("{FAE04EC0-301F-11D3-BF4B-00C04F79EFBC}") = "AndroidAppEncoding.Android", "AndroidAppEncoding.Android\AndroidAppEncoding.Android.csproj", "{36923796-18D6-4D1D-9207-3C5402E25A96}"
EndProject
Project("{9A19103F-16F7-4668-BE54-9A1E7A4F7556}") = "AndroidAppEncoding", "AndroidAppEncoding\AndroidAppEncoding.csproj", "{BC7CCAAF-63C5-4EA0-A0EF-63BE6063FF8C}"
EndProject
Project("{FAE04EC0-301F-11D3-BF4B-00C04F79EFBC}") = "AndroidAppEncoding.Tests", "AndroidAppEncoding.Tests\AndroidAppEncoding.Tests.csproj", "{DE0049CD-82F3-4561-A065-25DD29B98D15}"
EndProject
Global
	GlobalSection(SolutionConfigurationPlatforms) = preSolution
		Debug|Any CPU = Debug|Any CPU
		Release|Any CPU = Release|Any CPU
	EndGlobalSection
	GlobalSection(ProjectConfigurationPlatforms) = postSolution
		{36923796-18D6-4D1D-9207-3C5402E25A96}.Debug|Any CPU.ActiveCfg = Debug|Any CPU
		{36923796-18D6-4D1D-9207-3C5402E25A96}.Debug|Any CPU.Build.0 = Debug|Any CPU
		{36923796-18D6-4D1D-9207-3C5402E25A96}.Debug|Any CPU.Deploy.0 = Debug|Any CPU
		{36923796-18D6-4D1D-9207-3C5402E25A96}.Release|Any CPU.ActiveCfg = Release|Any CPU
		{36923796-18D6-4D1D-9207-3C5402E25A96}.Release|Any CPU.Build.0 = Release|Any CPU
		{36923796-18D6-4D1D-9207-3C5402E25A96}.Release|Any CPU.Deploy.0 = Release|Any CPU
		{BC7CCAAF-63C5-4EA0-A0EF-63BE6063FF8C}.Debug|Any CPU.ActiveCfg = Debug|Any CPU
		{BC7CCAAF-63C5-4EA0-A0EF-63BE6063FF8C}.Debug|Any CPU.Build.0 = Debug|Any CPU
		{BC7CCAAF-63C5-4EA0-A0EF-63BE6063FF8C}.Debug|Any CPU.Deploy.0 = Debug|Any CPU
		{BC7CCAAF-63C5-4EA0-A0EF-63BE6063FF8C}.Release|Any CPU.ActiveCfg = Release|Any CPU
		{BC7CCAAF-63C5-4EA0-A0EF-63BE6063FF8C}.Release|Any CPU.Build.0 = Release|Any CPU
		{BC7CCAAF-63C5-4EA0-A0EF-63BE6063FF8C}.Release|Any CPU.Deploy.0 = Release|Any CPU
		{DE0049CD-82F3-4561-A065-25DD29B98D15}.Debug|Any CPU.ActiveCfg = Debug|Any CPU
		{DE0049CD-82F3-4561-A065-25DD29B98D15}.Debug|Any CPU.Build.0 = Debug|Any CPU
		{DE0049CD-82F3-4561-A065-25DD29B98D15}.Release|Any CPU.ActiveCfg = Release|Any CPU
		{DE0049CD-82F3-4561-A065-25DD29B98D15}.Release|Any CPU.Build.0 = Release|Any CPU
	EndGlobalSection
	GlobalSection(SolutionProperties) = preSolution
		HideSolutionNode = FALSE
	EndGlobalSection
	GlobalSection(ExtensibilityGlobals) = postSolution
		SolutionGuid = {4F37993F-EB8D-4777-9AA1-CE50255FB16C}
	EndGlobalSection
EndGlobal
